{
  "name": "sudoku-web",
  "version": "0.1.0",
  "lockfileVersion": 3,
  "requires": true,
  "packages": {
    "": {
      "name": "sudoku-web",
      "version": "0.1.0",
      "dependencies": {
        "electron-serve": "^2.0.0"
      }
    },
    "node_modules/electron-serve": {
      "version": "2.0.0",
      "resolved": "https://registry.npmjs.org/electron-serve/-/electron-serve-2.0.0.tgz",
      "integrity": "sha512-rXpUJxa8xqjuybBwJEX8uvMAwNpMbozvUXkXtBGzE71jzA7G36nv3MODgN9aOaAIDvjySkf2s2uDUirFgfKCjQ==",
      "engines": {
        "node": ">=18"
      },
      "funding": {
        "url": "https://github.com/sponsors/sindresorhus"
      }
    }
  }
}
